// !$*UTF8*$!
{
	archiveVersion = 1;
	classes = {
	};
	objectVersion = 56;
	objects = {

/* Begin PBXBuildFile section */
		441FBFBB29B2FED000F383E1 /* User.swift in Sources */ = {isa = PBXBuildFile; fileRef = 441FBFBA29B2FED000F383E1 /* User.swift */; };
		44B7E96429B07AAD005B9946 /* AppDelegate.swift in Sources */ = {isa = PBXBuildFile; fileRef = 44B7E96329B07AAD005B9946 /* AppDelegate.swift */; };
		44B7E96629B07AAD005B9946 /* SceneDelegate.swift in Sources */ = {isa = PBXBuildFile; fileRef = 44B7E96529B07AAD005B9946 /* SceneDelegate.swift */; };
		44B7E96829B07AAD005B9946 /* ViewController.swift in Sources */ = {isa = PBXBuildFile; fileRef = 44B7E96729B07AAD005B9946 /* ViewController.swift */; };
		44B7E96B29B07AAD005B9946 /* Main.storyboard in Resources */ = {isa = PBXBuildFile; fileRef = 44B7E96929B07AAD005B9946 /* Main.storyboard */; };
		44B7E96D29B07AB0005B9946 /* Assets.xcassets in Resources */ = {isa = PBXBuildFile; fileRef = 44B7E96C29B07AB0005B9946 /* Assets.xcassets */; };
		44B7E97029B07AB0005B9946 /* LaunchScreen.storyboard in Resources */ = {isa = PBXBuildFile; fileRef = 44B7E96E29B07AB0005B9946 /* LaunchScreen.storyboard */; };
		44F0316329B13ED9008077DB /* LoginViewController.swift in Sources */ = {isa = PBXBuildFile; fileRef = 44F0316229B13ED9008077DB /* LoginViewController.swift */; };
		44F0316629B1421B008077DB /* ParseSwift in Frameworks */ = {isa = PBXBuildFile; productRef = 44F0316529B1421B008077DB /* ParseSwift */; };
		44F0316929B14261008077DB /* Alamofire in Frameworks */ = {isa = PBXBuildFile; productRef = 44F0316829B14261008077DB /* Alamofire */; };
		44F0316C29B1428A008077DB /* AlamofireImage in Frameworks */ = {isa = PBXBuildFile; productRef = 44F0316B29B1428A008077DB /* AlamofireImage */; };
		44F0316E29B14CB1008077DB /* SignUpViewController.swift in Sources */ = {isa = PBXBuildFile; fileRef = 44F0316D29B14CB1008077DB /* SignUpViewController.swift */; };
		44F0317029B15641008077DB /* Constants.swift in Sources */ = {isa = PBXBuildFile; fileRef = 44F0316F29B15641008077DB /* Constants.swift */; };
/* End PBXBuildFile section */

/* Begin PBXFileReference section */
		441FBFBA29B2FED000F383E1 /* User.swift */ = {isa = PBXFileReference; lastKnownFileType = sourcecode.swift; path = User.swift; sourceTree = "<group>"; };
		44B7E96029B07AAD005B9946 /* BeReal_Clone.app */ = {isa = PBXFileReference; explicitFileType = wrapper.application; includeInIndex = 0; path = BeReal_Clone.app; sourceTree = BUILT_PRODUCTS_DIR; };
		44B7E96329B07AAD005B9946 /* AppDelegate.swift */ = {isa = PBXFileReference; lastKnownFileType = sourcecode.swift; path = AppDelegate.swift; sourceTree = "<group>"; };
		44B7E96529B07AAD005B9946 /* SceneDelegate.swift */ = {isa = PBXFileReference; lastKnownFileType = sourcecode.swift; path = SceneDelegate.swift; sourceTree = "<group>"; };
		44B7E96729B07AAD005B9946 /* ViewController.swift */ = {isa = PBXFileReference; lastKnownFileType = sourcecode.swift; path = ViewController.swift; sourceTree = "<group>"; };
		44B7E96A29B07AAD005B9946 /* Base */ = {isa = PBXFileReference; lastKnownFileType = file.storyboard; name = Base; path = Base.lproj/Main.storyboard; sourceTree = "<group>"; };
		44B7E96C29B07AB0005B9946 /* Assets.xcassets */ = {isa = PBXFileReference; lastKnownFileType = folder.assetcatalog; path = Assets.xcassets; sourceTree = "<group>"; };
		44B7E96F29B07AB0005B9946 /* Base */ = {isa = PBXFileReference; lastKnownFileType = file.storyboard; name = Base; path = Base.lproj/LaunchScreen.storyboard; sourceTree = "<group>"; };
		44B7E97129B07AB0005B9946 /* Info.plist */ = {isa = PBXFileReference; lastKnownFileType = text.plist.xml; path = Info.plist; sourceTree = "<group>"; };
		44F0316229B13ED9008077DB /* LoginViewController.swift */ = {isa = PBXFileReference; lastKnownFileType = sourcecode.swift; path = LoginViewController.swift; sourceTree = "<group>"; };
		44F0316D29B14CB1008077DB /* SignUpViewController.swift */ = {isa = PBXFileReference; lastKnownFileType = sourcecode.swift; path = SignUpViewController.swift; sourceTree = "<group>"; };
		44F0316F29B15641008077DB /* Constants.swift */ = {isa = PBXFileReference; lastKnownFileType = sourcecode.swift; path = Constants.swift; sourceTree = "<group>"; };
/* End PBXFileReference section */

/* Begin PBXFrameworksBuildPhase section */
		44B7E95D29B07AAD005B9946 /* Frameworks */ = {
			isa = PBXFrameworksBuildPhase;
			buildActionMask = 2147483647;
			files = (
				44F0316629B1421B008077DB /* ParseSwift in Frameworks */,
				44F0316929B14261008077DB /* Alamofire in Frameworks */,
				44F0316C29B1428A008077DB /* AlamofireImage in Frameworks */,
			);
			runOnlyForDeploymentPostprocessing = 0;
		};
/* End PBXFrameworksBuildPhase section */

/* Begin PBXGroup section */
		441FBFB929B2FEB700F383E1 /* Models */ = {
			isa = PBXGroup;
			children = (
				441FBFBA29B2FED000F383E1 /* User.swift */,
			);
			path = Models;
			sourceTree = "<group>";
		};
		44B7E95729B07AAD005B9946 = {
			isa = PBXGroup;
			children = (
				44B7E96229B07AAD005B9946 /* BeReal_Clone */,
				44B7E96129B07AAD005B9946 /* Products */,
			);
			sourceTree = "<group>";
		};
		44B7E96129B07AAD005B9946 /* Products */ = {
			isa = PBXGroup;
			children = (
				44B7E96029B07AAD005B9946 /* BeReal_Clone.app */,
			);
			name = Products;
			sourceTree = "<group>";
		};
		44B7E96229B07AAD005B9946 /* BeReal_Clone */ = {
			isa = PBXGroup;
			children = (
				441FBFB929B2FEB700F383E1 /* Models */,
				44F0316129B13B61008077DB /* Login */,
				44B7E96329B07AAD005B9946 /* AppDelegate.swift */,
				44B7E96529B07AAD005B9946 /* SceneDelegate.swift */,
				44B7E96729B07AAD005B9946 /* ViewController.swift */,
				44B7E96929B07AAD005B9946 /* Main.storyboard */,
				44B7E96C29B07AB0005B9946 /* Assets.xcassets */,
				44B7E96E29B07AB0005B9946 /* LaunchScreen.storyboard */,
				44B7E97129B07AB0005B9946 /* Info.plist */,
				44F0316F29B15641008077DB /* Constants.swift */,
			);
			path = BeReal_Clone;
			sourceTree = "<group>";
		};
		44F0316129B13B61008077DB /* Login */ = {
			isa = PBXGroup;
			children = (
				44F0316229B13ED9008077DB /* LoginViewController.swift */,
				44F0316D29B14CB1008077DB /* SignUpViewController.swift */,
			);
			path = Login;
			sourceTree = "<group>";
		};
/* End PBXGroup section */

/* Begin PBXNativeTarget section */
		44B7E95F29B07AAD005B9946 /* BeReal_Clone */ = {
			isa = PBXNativeTarget;
			buildConfigurationList = 44B7E97429B07AB0005B9946 /* Build configuration list for PBXNativeTarget "BeReal_Clone" */;
			buildPhases = (
				44B7E95C29B07AAD005B9946 /* Sources */,
				44B7E95D29B07AAD005B9946 /* Frameworks */,
				44B7E95E29B07AAD005B9946 /* Resources */,
			);
			buildRules = (
			);
			dependencies = (
			);
			name = BeReal_Clone;
			packageProductDependencies = (
				44F0316529B1421B008077DB /* ParseSwift */,
				44F0316829B14261008077DB /* Alamofire */,
				44F0316B29B1428A008077DB /* AlamofireImage */,
			);
			productName = BeReal_Clone;
			productReference = 44B7E96029B07AAD005B9946 /* BeReal_Clone.app */;
			productType = "com.apple.product-type.application";
		};
/* End PBXNativeTarget section */

/* Begin PBXProject section */
		44B7E95829B07AAD005B9946 /* Project object */ = {
			isa = PBXProject;
			attributes = {
				BuildIndependentTargetsInParallel = 1;
				LastSwiftUpdateCheck = 1420;
				LastUpgradeCheck = 1420;
				TargetAttributes = {
					44B7E95F29B07AAD005B9946 = {
						CreatedOnToolsVersion = 14.2;
					};
				};
			};
			buildConfigurationList = 44B7E95B29B07AAD005B9946 /* Build configuration list for PBXProject "BeReal_Clone" */;
			compatibilityVersion = "Xcode 14.0";
			developmentRegion = en;
			hasScannedForEncodings = 0;
			knownRegions = (
				en,
				Base,
			);
			mainGroup = 44B7E95729B07AAD005B9946;
			packageReferences = (
				44F0316429B1421B008077DB /* XCRemoteSwiftPackageReference "Parse-Swift" */,
				44F0316729B14261008077DB /* XCRemoteSwiftPackageReference "Alamofire" */,
				44F0316A29B1428A008077DB /* XCRemoteSwiftPackageReference "AlamofireImage" */,
			);
			productRefGroup = 44B7E96129B07AAD005B9946 /* Products */;
			projectDirPath = "";
			projectRoot = "";
			targets = (
				44B7E95F29B07AAD005B9946 /* BeReal_Clone */,
			);
		};
/* End PBXProject section */

/* Begin PBXResourcesBuildPhase section */
		44B7E95E29B07AAD005B9946 /* Resources */ = {
			isa = PBXResourcesBuildPhase;
			buildActionMask = 2147483647;
			files = (
				44B7E97029B07AB0005B9946 /* LaunchScreen.storyboard in Resources */,
				44B7E96D29B07AB0005B9946 /* Assets.xcassets in Resources */,
				44B7E96B29B07AAD005B9946 /* Main.storyboard in Resources */,
			);
			runOnlyForDeploymentPostprocessing = 0;
		};
/* End PBXResourcesBuildPhase section */

/* Begin PBXSourcesBuildPhase section */
		44B7E95C29B07AAD005B9946 /* Sources */ = {
			isa = PBXSourcesBuildPhase;
			buildActionMask = 2147483647;
			files = (
				44F0316329B13ED9008077DB /* LoginViewController.swift in Sources */,
				44B7E96829B07AAD005B9946 /* ViewController.swift in Sources */,
				44B7E96429B07AAD005B9946 /* AppDelegate.swift in Sources */,
				44B7E96629B07AAD005B9946 /* SceneDelegate.swift in Sources */,
				44F0316E29B14CB1008077DB /* SignUpViewController.swift in Sources */,
				44F0317029B15641008077DB /* Constants.swift in Sources */,
				441FBFBB29B2FED000F383E1 /* User.swift in Sources */,
			);
			runOnlyForDeploymentPostprocessing = 0;
		};
/* End PBXSourcesBuildPhase section */

/* Begin PBXVariantGroup section */
		44B7E96929B07AAD005B9946 /* Main.storyboard */ = {
			isa = PBXVariantGroup;
			children = (
				44B7E96A29B07AAD005B9946 /* Base */,
			);
			name = Main.storyboard;
			sourceTree = "<group>";
		};
		44B7E96E29B07AB0005B9946 /* LaunchScreen.storyboard */ = {
			isa = PBXVariantGroup;
			children = (
				44B7E96F29B07AB0005B9946 /* Base */,
			);
			name = LaunchScreen.storyboard;
			sourceTree = "<group>";
		};
/* End PBXVariantGroup section */

/* Begin XCBuildConfiguration section */
		44B7E97229B07AB0005B9946 /* Debug */ = {
			isa = XCBuildConfiguration;
			buildSettings = {
				ALWAYS_SEARCH_USER_PATHS = NO;
				CLANG_ANALYZER_NONNULL = YES;
				CLANG_ANALYZER_NUMBER_OBJECT_CONVERSION = YES_AGGRESSIVE;
				CLANG_CXX_LANGUAGE_STANDARD = "gnu++20";
				CLANG_ENABLE_MODULES = YES;
				CLANG_ENABLE_OBJC_ARC = YES;
				CLANG_ENABLE_OBJC_WEAK = YES;
				CLANG_WARN_BLOCK_CAPTURE_AUTORELEASING = YES;
				CLANG_WARN_BOOL_CONVERSION = YES;
				CLANG_WARN_COMMA = YES;
				CLANG_WARN_CONSTANT_CONVERSION = YES;
				CLANG_WARN_DEPRECATED_OBJC_IMPLEMENTATIONS = YES;
				CLANG_WARN_DIRECT_OBJC_ISA_USAGE = YES_ERROR;
				CLANG_WARN_DOCUMENTATION_COMMENTS = YES;
				CLANG_WARN_EMPTY_BODY = YES;
				CLANG_WARN_ENUM_CONVERSION = YES;
				CLANG_WARN_INFINITE_RECURSION = YES;
				CLANG_WARN_INT_CONVERSION = YES;
				CLANG_WARN_NON_LITERAL_NULL_CONVERSION = YES;
				CLANG_WARN_OBJC_IMPLICIT_RETAIN_SELF = YES;
				CLANG_WARN_OBJC_LITERAL_CONVERSION = YES;
				CLANG_WARN_OBJC_ROOT_CLASS = YES_ERROR;
				CLANG_WARN_QUOTED_INCLUDE_IN_FRAMEWORK_HEADER = YES;
				CLANG_WARN_RANGE_LOOP_ANALYSIS = YES;
				CLANG_WARN_STRICT_PROTOTYPES = YES;
				CLANG_WARN_SUSPICIOUS_MOVE = YES;
				CLANG_WARN_UNGUARDED_AVAILABILITY = YES_AGGRESSIVE;
				CLANG_WARN_UNREACHABLE_CODE = YES;
				CLANG_WARN__DUPLICATE_METHOD_MATCH = YES;
				COPY_PHASE_STRIP = NO;
				DEBUG_INFORMATION_FORMAT = dwarf;
				ENABLE_STRICT_OBJC_MSGSEND = YES;
				ENABLE_TESTABILITY = YES;
				GCC_C_LANGUAGE_STANDARD = gnu11;
				GCC_DYNAMIC_NO_PIC = NO;
				GCC_NO_COMMON_BLOCKS = YES;
				GCC_OPTIMIZATION_LEVEL = 0;
				GCC_PREPROCESSOR_DEFINITIONS = (
					"DEBUG=1",
					"$(inherited)",
				);
				GCC_WARN_64_TO_32_BIT_CONVERSION = YES;
				GCC_WARN_ABOUT_RETURN_TYPE = YES_ERROR;
				GCC_WARN_UNDECLARED_SELECTOR = YES;
				GCC_WARN_UNINITIALIZED_AUTOS = YES_AGGRESSIVE;
				GCC_WARN_UNUSED_FUNCTION = YES;
				GCC_WARN_UNUSED_VARIABLE = YES;
				IPHONEOS_DEPLOYMENT_TARGET = 16.2;
				MTL_ENABLE_DEBUG_INFO = INCLUDE_SOURCE;
				MTL_FAST_MATH = YES;
				ONLY_ACTIVE_ARCH = YES;
				SDKROOT = iphoneos;
				SWIFT_ACTIVE_COMPILATION_CONDITIONS = DEBUG;
				SWIFT_OPTIMIZATION_LEVEL = "-Onone";
			};
			name = Debug;
		};
		44B7E97329B07AB0005B9946 /* Release */ = {
			isa = XCBuildConfiguration;
			buildSettings = {
				ALWAYS_SEARCH_USER_PATHS = NO;
				CLANG_ANALYZER_NONNULL = YES;
				CLANG_ANALYZER_NUMBER_OBJECT_CONVERSION = YES_AGGRESSIVE;
				CLANG_CXX_LANGUAGE_STANDARD = "gnu++20";
				CLANG_ENABLE_MODULES = YES;
				CLANG_ENABLE_OBJC_ARC = YES;
				CLANG_ENABLE_OBJC_WEAK = YES;
				CLANG_WARN_BLOCK_CAPTURE_AUTORELEASING = YES;
				CLANG_WARN_BOOL_CONVERSION = YES;
				CLANG_WARN_COMMA = YES;
				CLANG_WARN_CONSTANT_CONVERSION = YES;
				CLANG_WARN_DEPRECATED_OBJC_IMPLEMENTATIONS = YES;
				CLANG_WARN_DIRECT_OBJC_ISA_USAGE = YES_ERROR;
				CLANG_WARN_DOCUMENTATION_COMMENTS = YES;
				CLANG_WARN_EMPTY_BODY = YES;
				CLANG_WARN_ENUM_CONVERSION = YES;
				CLANG_WARN_INFINITE_RECURSION = YES;
				CLANG_WARN_INT_CONVERSION = YES;
				CLANG_WARN_NON_LITERAL_NULL_CONVERSION = YES;
				CLANG_WARN_OBJC_IMPLICIT_RETAIN_SELF = YES;
				CLANG_WARN_OBJC_LITERAL_CONVERSION = YES;
				CLANG_WARN_OBJC_ROOT_CLASS = YES_ERROR;
				CLANG_WARN_QUOTED_INCLUDE_IN_FRAMEWORK_HEADER = YES;
				CLANG_WARN_RANGE_LOOP_ANALYSIS = YES;
				CLANG_WARN_STRICT_PROTOTYPES = YES;
				CLANG_WARN_SUSPICIOUS_MOVE = YES;
				CLANG_WARN_UNGUARDED_AVAILABILITY = YES_AGGRESSIVE;
				CLANG_WARN_UNREACHABLE_CODE = YES;
				CLANG_WARN__DUPLICATE_METHOD_MATCH = YES;
				COPY_PHASE_STRIP = NO;
				DEBUG_INFORMATION_FORMAT = "dwarf-with-dsym";
				ENABLE_NS_ASSERTIONS = NO;
				ENABLE_STRICT_OBJC_MSGSEND = YES;
				GCC_C_LANGUAGE_STANDARD = gnu11;
				GCC_NO_COMMON_BLOCKS = YES;
				GCC_WARN_64_TO_32_BIT_CONVERSION = YES;
				GCC_WARN_ABOUT_RETURN_TYPE = YES_ERROR;
				GCC_WARN_UNDECLARED_SELECTOR = YES;
				GCC_WARN_UNINITIALIZED_AUTOS = YES_AGGRESSIVE;
				GCC_WARN_UNUSED_FUNCTION = YES;
				GCC_WARN_UNUSED_VARIABLE = YES;
				IPHONEOS_DEPLOYMENT_TARGET = 16.2;
				MTL_ENABLE_DEBUG_INFO = NO;
				MTL_FAST_MATH = YES;
				SDKROOT = iphoneos;
				SWIFT_COMPILATION_MODE = wholemodule;
				SWIFT_OPTIMIZATION_LEVEL = "-O";
				VALIDATE_PRODUCT = YES;
			};
			name = Release;
		};
		44B7E97529B07AB0005B9946 /* Debug */ = {
			isa = XCBuildConfiguration;
			buildSettings = {
				ASSETCATALOG_COMPILER_APPICON_NAME = AppIcon;
				ASSETCATALOG_COMPILER_GLOBAL_ACCENT_COLOR_NAME = AccentColor;
				CODE_SIGN_STYLE = Automatic;
				CURRENT_PROJECT_VERSION = 1;
				GENERATE_INFOPLIST_FILE = YES;
				INFOPLIST_FILE = BeReal_Clone/Info.plist;
				INFOPLIST_KEY_UIApplicationSupportsIndirectInputEvents = YES;
				INFOPLIST_KEY_UILaunchStoryboardName = LaunchScreen;
				INFOPLIST_KEY_UIMainStoryboardFile = Main;
				INFOPLIST_KEY_UISupportedInterfaceOrientations_iPad = "UIInterfaceOrientationPortrait UIInterfaceOrientationPortraitUpsideDown UIInterfaceOrientationLandscapeLeft UIInterfaceOrientationLandscapeRight";
				INFOPLIST_KEY_UISupportedInterfaceOrientations_iPhone = "UIInterfaceOrientationPortrait UIInterfaceOrientationLandscapeLeft UIInterfaceOrientationLandscapeRight";
				LD_RUNPATH_SEARCH_PATHS = (
					"$(inherited)",
					"@executable_path/Frameworks",
				);
				MARKETING_VERSION = 1.0;
				PRODUCT_BUNDLE_IDENTIFIER = "edu.csumb.stephernandez.BeReal-Clone";
				PRODUCT_NAME = "$(TARGET_NAME)";
				SWIFT_EMIT_LOC_STRINGS = YES;
				SWIFT_VERSION = 5.0;
				TARGETED_DEVICE_FAMILY = "1,2";
			};
			name = Debug;
		};
		44B7E97629B07AB0005B9946 /* Release */ = {
			isa = XCBuildConfiguration;
			buildSettings = {
				ASSETCATALOG_COMPILER_APPICON_NAME = AppIcon;
				ASSETCATALOG_COMPILER_GLOBAL_ACCENT_COLOR_NAME = AccentColor;
				CODE_SIGN_STYLE = Automatic;
				CURRENT_PROJECT_VERSION = 1;
				GENERATE_INFOPLIST_FILE = YES;
				INFOPLIST_FILE = BeReal_Clone/Info.plist;
				INFOPLIST_KEY_UIApplicationSupportsIndirectInputEvents = YES;
				INFOPLIST_KEY_UILaunchStoryboardName = LaunchScreen;
				INFOPLIST_KEY_UIMainStoryboardFile = Main;
				INFOPLIST_KEY_UISupportedInterfaceOrientations_iPad = "UIInterfaceOrientationPortrait UIInterfaceOrientationPortraitUpsideDown UIInterfaceOrientationLandscapeLeft UIInterfaceOrientationLandscapeRight";
				INFOPLIST_KEY_UISupportedInterfaceOrientations_iPhone = "UIInterfaceOrientationPortrait UIInterfaceOrientationLandscapeLeft UIInterfaceOrientationLandscapeRight";
				LD_RUNPATH_SEARCH_PATHS = (
					"$(inherited)",
					"@executable_path/Frameworks",
				);
				MARKETING_VERSION = 1.0;
				PRODUCT_BUNDLE_IDENTIFIER = "edu.csumb.stephernandez.BeReal-Clone";
				PRODUCT_NAME = "$(TARGET_NAME)";
				SWIFT_EMIT_LOC_STRINGS = YES;
				SWIFT_VERSION = 5.0;
				TARGETED_DEVICE_FAMILY = "1,2";
			};
			name = Release;
		};
/* End XCBuildConfiguration section */

/* Begin XCConfigurationList section */
		44B7E95B29B07AAD005B9946 /* Build configuration list for PBXProject "BeReal_Clone" */ = {
			isa = XCConfigurationList;
			buildConfigurations = (
				44B7E97229B07AB0005B9946 /* Debug */,
				44B7E97329B07AB0005B9946 /* Release */,
			);
			defaultConfigurationIsVisible = 0;
			defaultConfigurationName = Release;
		};
		44B7E97429B07AB0005B9946 /* Build configuration list for PBXNativeTarget "BeReal_Clone" */ = {
			isa = XCConfigurationList;
			buildConfigurations = (
				44B7E97529B07AB0005B9946 /* Debug */,
				44B7E97629B07AB0005B9946 /* Release */,
			);
			defaultConfigurationIsVisible = 0;
			defaultConfigurationName = Release;
		};
/* End XCConfigurationList section */

/* Begin XCRemoteSwiftPackageReference section */
		44F0316429B1421B008077DB /* XCRemoteSwiftPackageReference "Parse-Swift" */ = {
			isa = XCRemoteSwiftPackageReference;
			repositoryURL = "https://github.com/parse-community/Parse-Swift";
			requirement = {
				branch = main;
				kind = branch;
			};
		};
		44F0316729B14261008077DB /* XCRemoteSwiftPackageReference "Alamofire" */ = {
			isa = XCRemoteSwiftPackageReference;
			repositoryURL = "https://github.com/Alamofire/Alamofire";
			requirement = {
				kind = upToNextMajorVersion;
				minimumVersion = 5.0.0;
			};
		};
		44F0316A29B1428A008077DB /* XCRemoteSwiftPackageReference "AlamofireImage" */ = {
			isa = XCRemoteSwiftPackageReference;
			repositoryURL = "https://github.com/Alamofire/AlamofireImage";
			requirement = {
				kind = upToNextMajorVersion;
				minimumVersion = 4.0.0;
			};
		};
/* End XCRemoteSwiftPackageReference section */

/* Begin XCSwiftPackageProductDependency section */
		44F0316529B1421B008077DB /* ParseSwift */ = {
			isa = XCSwiftPackageProductDependency;
			package = 44F0316429B1421B008077DB /* XCRemoteSwiftPackageReference "Parse-Swift" */;
			productName = ParseSwift;
		};
		44F0316829B14261008077DB /* Alamofire */ = {
			isa = XCSwiftPackageProductDependency;
			package = 44F0316729B14261008077DB /* XCRemoteSwiftPackageReference "Alamofire" */;
			productName = Alamofire;
		};
		44F0316B29B1428A008077DB /* AlamofireImage */ = {
			isa = XCSwiftPackageProductDependency;
			package = 44F0316A29B1428A008077DB /* XCRemoteSwiftPackageReference "AlamofireImage" */;
			productName = AlamofireImage;
		};
/* End XCSwiftPackageProductDependency section */
	};
	rootObject = 44B7E95829B07AAD005B9946 /* Project object */;
}
